// !$*UTF8*$!
{
	archiveVersion = 1;
	classes = {
	};
	objectVersion = 77;
	objects = {

/* Begin PBXBuildFile section */
		2D002DEDEC4D710A6628F996 /* ReflectionView.swift in Sources */ = {isa = PBXBuildFile; fileRef = B07B7D61185C10F6DB2785CE /* ReflectionView.swift */; };
		3F32DAAD29EC09C64E99B144 /* AppState.swift in Sources */ = {isa = PBXBuildFile; fileRef = 0631AD989A8A2D2FB4133009 /* AppState.swift */; };
		4331635F78C1F16E66F86847 /* AppTheme.swift in Sources */ = {isa = PBXBuildFile; fileRef = 67305C78FFF20690ABF592BB /* AppTheme.swift */; };
		592B7B4A1446270217E8FF5A /* AppConfig.swift in Sources */ = {isa = PBXBuildFile; fileRef = 28A6E1849B211D789B9B8378 /* AppConfig.swift */; };
		68B025079BC31D77948CE81A /* IdleView.swift in Sources */ = {isa = PBXBuildFile; fileRef = 6382B4D318208D4252701DBD /* IdleView.swift */; };
		6BFC2FC2B0030F3BE2BCC360 /* SessionLogEntry.swift in Sources */ = {isa = PBXBuildFile; fileRef = 338F8FCE774C32262C0BBDA2 /* SessionLogEntry.swift */; };
		7269CCDA4556DBD16663091F /* OnboardingView.swift in Sources */ = {isa = PBXBuildFile; fileRef = 5244111324BE27DAFA0818C4 /* OnboardingView.swift */; };
		73E78F7446A2866247590DE1 /* BreathingView.swift in Sources */ = {isa = PBXBuildFile; fileRef = 57FADB4044BB9054DF87228E /* BreathingView.swift */; };
		81462534F3451CAC6A0BD819 /* TriggeredView.swift in Sources */ = {isa = PBXBuildFile; fileRef = 935E70309D94FEB2C20994AF /* TriggeredView.swift */; };
		B137849EA154239B1342CF62 /* RootView.swift in Sources */ = {isa = PBXBuildFile; fileRef = 3DE1F9E2A82D3F76013F85AA /* RootView.swift */; };
		B79CA30BCA28E23F92EC728B /* AppStateModel.swift in Sources */ = {isa = PBXBuildFile; fileRef = CC366EDA2FF3936FE626A591 /* AppStateModel.swift */; };
		D45003FA729FD2FB9DED5E87 /* SummaryView.swift in Sources */ = {isa = PBXBuildFile; fileRef = BB32B1ED202E0B1900129EE0 /* SummaryView.swift */; };
		FC37F390CDA826CC42D51374 /* CalmPulseBPApp.swift in Sources */ = {isa = PBXBuildFile; fileRef = 4212A664B1A97309190C0B0F /* CalmPulseBPApp.swift */; };
/* End PBXBuildFile section */

/* Begin PBXFileReference section */
		0631AD989A8A2D2FB4133009 /* AppState.swift */ = {isa = PBXFileReference; lastKnownFileType = sourcecode.swift; path = AppState.swift; sourceTree = "<group>"; };
		28A6E1849B211D789B9B8378 /* AppConfig.swift */ = {isa = PBXFileReference; lastKnownFileType = sourcecode.swift; path = AppConfig.swift; sourceTree = "<group>"; };
		338F8FCE774C32262C0BBDA2 /* SessionLogEntry.swift */ = {isa = PBXFileReference; lastKnownFileType = sourcecode.swift; path = SessionLogEntry.swift; sourceTree = "<group>"; };
		3DE1F9E2A82D3F76013F85AA /* RootView.swift */ = {isa = PBXFileReference; lastKnownFileType = sourcecode.swift; path = RootView.swift; sourceTree = "<group>"; };
		4212A664B1A97309190C0B0F /* CalmPulseBPApp.swift */ = {isa = PBXFileReference; lastKnownFileType = sourcecode.swift; path = CalmPulseBPApp.swift; sourceTree = "<group>"; };
		515E6D1C9EA1B43288AE591C /* CalmPulseBP.app */ = {isa = PBXFileReference; explicitFileType = wrapper.application; includeInIndex = 0; path = CalmPulseBP.app; sourceTree = BUILT_PRODUCTS_DIR; };
		5244111324BE27DAFA0818C4 /* OnboardingView.swift */ = {isa = PBXFileReference; lastKnownFileType = sourcecode.swift; path = OnboardingView.swift; sourceTree = "<group>"; };
		57FADB4044BB9054DF87228E /* BreathingView.swift */ = {isa = PBXFileReference; lastKnownFileType = sourcecode.swift; path = BreathingView.swift; sourceTree = "<group>"; };
		6382B4D318208D4252701DBD /* IdleView.swift */ = {isa = PBXFileReference; lastKnownFileType = sourcecode.swift; path = IdleView.swift; sourceTree = "<group>"; };
		67305C78FFF20690ABF592BB /* AppTheme.swift */ = {isa = PBXFileReference; lastKnownFileType = sourcecode.swift; path = AppTheme.swift; sourceTree = "<group>"; };
		935E70309D94FEB2C20994AF /* TriggeredView.swift */ = {isa = PBXFileReference; lastKnownFileType = sourcecode.swift; path = TriggeredView.swift; sourceTree = "<group>"; };
		B07B7D61185C10F6DB2785CE /* ReflectionView.swift */ = {isa = PBXFileReference; lastKnownFileType = sourcecode.swift; path = ReflectionView.swift; sourceTree = "<group>"; };
		BB32B1ED202E0B1900129EE0 /* SummaryView.swift */ = {isa = PBXFileReference; lastKnownFileType = sourcecode.swift; path = SummaryView.swift; sourceTree = "<group>"; };
		CC366EDA2FF3936FE626A591 /* AppStateModel.swift */ = {isa = PBXFileReference; lastKnownFileType = sourcecode.swift; path = AppStateModel.swift; sourceTree = "<group>"; };
/* End PBXFileReference section */

/* Begin PBXGroup section */
		0C5722ED5A92EA1C37766B5F /* Features */ = {
			isa = PBXGroup;
			children = (
				450C3A2AD780666FB0B4F2B9 /* Breathing */,
				7C3A51CDE53836CDF205CE42 /* Idle */,
				0E9905EA49DA7A7CC412407C /* Onboarding */,
				BABF164884CAB5BB10EA0853 /* Reflection */,
				6D7FC00A6B1BCE1671DE6DE7 /* Summary */,
				CBB43F476C13B8BC25004737 /* Triggered */,
			);
			path = Features;
			sourceTree = "<group>";
		};
		0E9905EA49DA7A7CC412407C /* Onboarding */ = {
			isa = PBXGroup;
			children = (
				5244111324BE27DAFA0818C4 /* OnboardingView.swift */,
			);
			path = Onboarding;
			sourceTree = "<group>";
		};
		4003E869360D959FAC42BD44 /* Products */ = {
			isa = PBXGroup;
			children = (
				515E6D1C9EA1B43288AE591C /* CalmPulseBP.app */,
			);
			name = Products;
			sourceTree = "<group>";
		};
		40F3A888F6FB829F77B225A3 /* Resources */ = {
			isa = PBXGroup;
			children = (
			);
			path = Resources;
			sourceTree = "<group>";
		};
		450C3A2AD780666FB0B4F2B9 /* Breathing */ = {
			isa = PBXGroup;
			children = (
				57FADB4044BB9054DF87228E /* BreathingView.swift */,
			);
			path = Breathing;
			sourceTree = "<group>";
		};
		46B1BFF119E92999B173DDA9 /* Domain */ = {
			isa = PBXGroup;
			children = (
				28A6E1849B211D789B9B8378 /* AppConfig.swift */,
				0631AD989A8A2D2FB4133009 /* AppState.swift */,
				338F8FCE774C32262C0BBDA2 /* SessionLogEntry.swift */,
			);
			path = Domain;
			sourceTree = "<group>";
		};
		57893CEA290D3E2DBFA2E7D0 /* App */ = {
			isa = PBXGroup;
			children = (
				4212A664B1A97309190C0B0F /* CalmPulseBPApp.swift */,
				3DE1F9E2A82D3F76013F85AA /* RootView.swift */,
			);
			path = App;
			sourceTree = "<group>";
		};
		6D7FC00A6B1BCE1671DE6DE7 /* Summary */ = {
			isa = PBXGroup;
			children = (
				BB32B1ED202E0B1900129EE0 /* SummaryView.swift */,
			);
			path = Summary;
			sourceTree = "<group>";
		};
		7C3A51CDE53836CDF205CE42 /* Idle */ = {
			isa = PBXGroup;
			children = (
				6382B4D318208D4252701DBD /* IdleView.swift */,
			);
			path = Idle;
			sourceTree = "<group>";
		};
		8BA004C9A1242E343D4D1557 /* UI */ = {
			isa = PBXGroup;
			children = (
				FE8C6FDF570D6E057E15E3B9 /* Theme */,
			);
			path = UI;
			sourceTree = "<group>";
		};
		AF400B2BBFE3016278C3D244 /* Infrastructure */ = {
			isa = PBXGroup;
			children = (
				CC366EDA2FF3936FE626A591 /* AppStateModel.swift */,
			);
			path = Infrastructure;
			sourceTree = "<group>";
		};
		BABF164884CAB5BB10EA0853 /* Reflection */ = {
			isa = PBXGroup;
			children = (
				B07B7D61185C10F6DB2785CE /* ReflectionView.swift */,
			);
			path = Reflection;
			sourceTree = "<group>";
		};
		C0B85F0B4D58817AD2F0D4B6 = {
			isa = PBXGroup;
			children = (
				57893CEA290D3E2DBFA2E7D0 /* App */,
				46B1BFF119E92999B173DDA9 /* Domain */,
				0C5722ED5A92EA1C37766B5F /* Features */,
				AF400B2BBFE3016278C3D244 /* Infrastructure */,
				40F3A888F6FB829F77B225A3 /* Resources */,
				8BA004C9A1242E343D4D1557 /* UI */,
				4003E869360D959FAC42BD44 /* Products */,
			);
			sourceTree = "<group>";
		};
		CBB43F476C13B8BC25004737 /* Triggered */ = {
			isa = PBXGroup;
			children = (
				935E70309D94FEB2C20994AF /* TriggeredView.swift */,
			);
			path = Triggered;
			sourceTree = "<group>";
		};
		FE8C6FDF570D6E057E15E3B9 /* Theme */ = {
			isa = PBXGroup;
			children = (
				67305C78FFF20690ABF592BB /* AppTheme.swift */,
			);
			path = Theme;
			sourceTree = "<group>";
		};
/* End PBXGroup section */

/* Begin PBXNativeTarget section */
		A70ADC8D5E2AB6499D4309FD /* CalmPulseBP */ = {
			isa = PBXNativeTarget;
			buildConfigurationList = BE1339E1373483A3087E3154 /* Build configuration list for PBXNativeTarget "CalmPulseBP" */;
			buildPhases = (
				4AB7F7C6F0BA29D429CF4A6A /* Sources */,
			);
			buildRules = (
			);
			dependencies = (
			);
			name = CalmPulseBP;
			packageProductDependencies = (
			);
			productName = CalmPulseBP;
			productReference = 515E6D1C9EA1B43288AE591C /* CalmPulseBP.app */;
			productType = "com.apple.product-type.application.watchapp2";
		};
/* End PBXNativeTarget section */

/* Begin PBXProject section */
		197DC38062F0D85F0C73677D /* Project object */ = {
			isa = PBXProject;
			attributes = {
				BuildIndependentTargetsInParallel = YES;
				LastUpgradeCheck = 1430;
				TargetAttributes = {
					A70ADC8D5E2AB6499D4309FD = {
						DevelopmentTeam = "";
					};
				};
			};
			buildConfigurationList = E9CF745ADDA62C9F499D5F17 /* Build configuration list for PBXProject "CalmPulseBP" */;
			developmentRegion = en;
			hasScannedForEncodings = 0;
			knownRegions = (
				Base,
				en,
			);
			mainGroup = C0B85F0B4D58817AD2F0D4B6;
			minimizedProjectReferenceProxies = 1;
			preferredProjectObjectVersion = 77;
			productRefGroup = 4003E869360D959FAC42BD44 /* Products */;
			projectDirPath = "";
			projectRoot = "";
			targets = (
				A70ADC8D5E2AB6499D4309FD /* CalmPulseBP */,
			);
		};
/* End PBXProject section */

/* Begin PBXSourcesBuildPhase section */
		4AB7F7C6F0BA29D429CF4A6A /* Sources */ = {
			isa = PBXSourcesBuildPhase;
			buildActionMask = 2147483647;
			files = (
				592B7B4A1446270217E8FF5A /* AppConfig.swift in Sources */,
				3F32DAAD29EC09C64E99B144 /* AppState.swift in Sources */,
				B79CA30BCA28E23F92EC728B /* AppStateModel.swift in Sources */,
				4331635F78C1F16E66F86847 /* AppTheme.swift in Sources */,
				73E78F7446A2866247590DE1 /* BreathingView.swift in Sources */,
				FC37F390CDA826CC42D51374 /* CalmPulseBPApp.swift in Sources */,
				68B025079BC31D77948CE81A /* IdleView.swift in Sources */,
				7269CCDA4556DBD16663091F /* OnboardingView.swift in Sources */,
				2D002DEDEC4D710A6628F996 /* ReflectionView.swift in Sources */,
				B137849EA154239B1342CF62 /* RootView.swift in Sources */,
				6BFC2FC2B0030F3BE2BCC360 /* SessionLogEntry.swift in Sources */,
				D45003FA729FD2FB9DED5E87 /* SummaryView.swift in Sources */,
				81462534F3451CAC6A0BD819 /* TriggeredView.swift in Sources */,
			);
			runOnlyForDeploymentPostprocessing = 0;
		};
/* End PBXSourcesBuildPhase section */

/* Begin XCBuildConfiguration section */
		253BD5C22B73D896547A0B9C /* Release */ = {
			isa = XCBuildConfiguration;
			buildSettings = {
				DEVELOPMENT_TEAM = "";
				INFOPLIST_FILE = "CalmPulseBP-Info.plist";
				PRODUCT_BUNDLE_IDENTIFIER = com.sulhanfuadi.calmpulsebp.apple.watch;
				PRODUCT_NAME = CalmPulseBP;
				SDKROOT = watchos;
				SKIP_INSTALL = YES;
				SWIFT_VERSION = 5.9;
				TARGETED_DEVICE_FAMILY = 4;
				WATCHOS_DEPLOYMENT_TARGET = 10.0;
			};
			name = Release;
		};
		524A1DB39ADAAB2ED001931F /* Release */ = {
			isa = XCBuildConfiguration;
			buildSettings = {
				ALWAYS_SEARCH_USER_PATHS = NO;
				CLANG_ANALYZER_NONNULL = YES;
				CLANG_ANALYZER_NUMBER_OBJECT_CONVERSION = YES_AGGRESSIVE;
				CLANG_CXX_LANGUAGE_STANDARD = "gnu++14";
				CLANG_CXX_LIBRARY = "libc++";
				CLANG_ENABLE_MODULES = YES;
				CLANG_ENABLE_OBJC_ARC = YES;
				CLANG_ENABLE_OBJC_WEAK = YES;
				CLANG_WARN_BLOCK_CAPTURE_AUTORELEASING = YES;
				CLANG_WARN_BOOL_CONVERSION = YES;
				CLANG_WARN_COMMA = YES;
				CLANG_WARN_CONSTANT_CONVERSION = YES;
				CLANG_WARN_DEPRECATED_OBJC_IMPLEMENTATIONS = YES;
				CLANG_WARN_DIRECT_OBJC_ISA_USAGE = YES_ERROR;
				CLANG_WARN_DOCUMENTATION_COMMENTS = YES;
				CLANG_WARN_EMPTY_BODY = YES;
				CLANG_WARN_ENUM_CONVERSION = YES;
				CLANG_WARN_INFINITE_RECURSION = YES;
				CLANG_WARN_INT_CONVERSION = YES;
				CLANG_WARN_NON_LITERAL_NULL_CONVERSION = YES;
				CLANG_WARN_OBJC_IMPLICIT_RETAIN_SELF = YES;
				CLANG_WARN_OBJC_LITERAL_CONVERSION = YES;
				CLANG_WARN_OBJC_ROOT_CLASS = YES_ERROR;
				CLANG_WARN_QUOTED_INCLUDE_IN_FRAMEWORK_HEADER = YES;
				CLANG_WARN_RANGE_LOOP_ANALYSIS = YES;
				CLANG_WARN_STRICT_PROTOTYPES = YES;
				CLANG_WARN_SUSPICIOUS_MOVE = YES;
				CLANG_WARN_UNGUARDED_AVAILABILITY = YES_AGGRESSIVE;
				CLANG_WARN_UNREACHABLE_CODE = YES;
				CLANG_WARN__DUPLICATE_METHOD_MATCH = YES;
				COPY_PHASE_STRIP = NO;
				DEBUG_INFORMATION_FORMAT = "dwarf-with-dsym";
				ENABLE_NS_ASSERTIONS = NO;
				ENABLE_STRICT_OBJC_MSGSEND = YES;
				GCC_C_LANGUAGE_STANDARD = gnu11;
				GCC_NO_COMMON_BLOCKS = YES;
				GCC_WARN_64_TO_32_BIT_CONVERSION = YES;
				GCC_WARN_ABOUT_RETURN_TYPE = YES_ERROR;
				GCC_WARN_UNDECLARED_SELECTOR = YES;
				GCC_WARN_UNINITIALIZED_AUTOS = YES_AGGRESSIVE;
				GCC_WARN_UNUSED_FUNCTION = YES;
				GCC_WARN_UNUSED_VARIABLE = YES;
				MTL_ENABLE_DEBUG_INFO = NO;
				MTL_FAST_MATH = YES;
				PRODUCT_NAME = "$(TARGET_NAME)";
				SDKROOT = watchos;
				SWIFT_COMPILATION_MODE = wholemodule;
				SWIFT_OPTIMIZATION_LEVEL = "-O";
				SWIFT_VERSION = 5.0;
				WATCHOS_DEPLOYMENT_TARGET = 10.0;
			};
			name = Release;
		};
		B3D2CC74121596FDBB3D1FC7 /* Debug */ = {
			isa = XCBuildConfiguration;
			buildSettings = {
				DEVELOPMENT_TEAM = "";
				INFOPLIST_FILE = "CalmPulseBP-Info.plist";
				PRODUCT_BUNDLE_IDENTIFIER = com.sulhanfuadi.calmpulsebp.apple.watch;
				PRODUCT_NAME = CalmPulseBP;
				SDKROOT = watchos;
				SKIP_INSTALL = YES;
				SWIFT_VERSION = 5.9;
				TARGETED_DEVICE_FAMILY = 4;
				WATCHOS_DEPLOYMENT_TARGET = 10.0;
			};
			name = Debug;
		};
		D8CB8603422B4BBAF5B3B64D /* Debug */ = {
			isa = XCBuildConfiguration;
			buildSettings = {
				ALWAYS_SEARCH_USER_PATHS = NO;
				CLANG_ANALYZER_NONNULL = YES;
				CLANG_ANALYZER_NUMBER_OBJECT_CONVERSION = YES_AGGRESSIVE;
				CLANG_CXX_LANGUAGE_STANDARD = "gnu++14";
				CLANG_CXX_LIBRARY = "libc++";
				CLANG_ENABLE_MODULES = YES;
				CLANG_ENABLE_OBJC_ARC = YES;
				CLANG_ENABLE_OBJC_WEAK = YES;
				CLANG_WARN_BLOCK_CAPTURE_AUTORELEASING = YES;
				CLANG_WARN_BOOL_CONVERSION = YES;
				CLANG_WARN_COMMA = YES;
				CLANG_WARN_CONSTANT_CONVERSION = YES;
				CLANG_WARN_DEPRECATED_OBJC_IMPLEMENTATIONS = YES;
				CLANG_WARN_DIRECT_OBJC_ISA_USAGE = YES_ERROR;
				CLANG_WARN_DOCUMENTATION_COMMENTS = YES;
				CLANG_WARN_EMPTY_BODY = YES;
				CLANG_WARN_ENUM_CONVERSION = YES;
				CLANG_WARN_INFINITE_RECURSION = YES;
				CLANG_WARN_INT_CONVERSION = YES;
				CLANG_WARN_NON_LITERAL_NULL_CONVERSION = YES;
				CLANG_WARN_OBJC_IMPLICIT_RETAIN_SELF = YES;
				CLANG_WARN_OBJC_LITERAL_CONVERSION = YES;
				CLANG_WARN_OBJC_ROOT_CLASS = YES_ERROR;
				CLANG_WARN_QUOTED_INCLUDE_IN_FRAMEWORK_HEADER = YES;
				CLANG_WARN_RANGE_LOOP_ANALYSIS = YES;
				CLANG_WARN_STRICT_PROTOTYPES = YES;
				CLANG_WARN_SUSPICIOUS_MOVE = YES;
				CLANG_WARN_UNGUARDED_AVAILABILITY = YES_AGGRESSIVE;
				CLANG_WARN_UNREACHABLE_CODE = YES;
				CLANG_WARN__DUPLICATE_METHOD_MATCH = YES;
				COPY_PHASE_STRIP = NO;
				DEBUG_INFORMATION_FORMAT = dwarf;
				ENABLE_STRICT_OBJC_MSGSEND = YES;
				ENABLE_TESTABILITY = YES;
				GCC_C_LANGUAGE_STANDARD = gnu11;
				GCC_DYNAMIC_NO_PIC = NO;
				GCC_NO_COMMON_BLOCKS = YES;
				GCC_OPTIMIZATION_LEVEL = 0;
				GCC_PREPROCESSOR_DEFINITIONS = (
					"$(inherited)",
					"DEBUG=1",
				);
				GCC_WARN_64_TO_32_BIT_CONVERSION = YES;
				GCC_WARN_ABOUT_RETURN_TYPE = YES_ERROR;
				GCC_WARN_UNDECLARED_SELECTOR = YES;
				GCC_WARN_UNINITIALIZED_AUTOS = YES_AGGRESSIVE;
				GCC_WARN_UNUSED_FUNCTION = YES;
				GCC_WARN_UNUSED_VARIABLE = YES;
				MTL_ENABLE_DEBUG_INFO = INCLUDE_SOURCE;
				MTL_FAST_MATH = YES;
				ONLY_ACTIVE_ARCH = YES;
				PRODUCT_NAME = "$(TARGET_NAME)";
				SDKROOT = watchos;
				SWIFT_ACTIVE_COMPILATION_CONDITIONS = DEBUG;
				SWIFT_OPTIMIZATION_LEVEL = "-Onone";
				SWIFT_VERSION = 5.0;
				WATCHOS_DEPLOYMENT_TARGET = 10.0;
			};
			name = Debug;
		};
/* End XCBuildConfiguration section */

/* Begin XCConfigurationList section */
		BE1339E1373483A3087E3154 /* Build configuration list for PBXNativeTarget "CalmPulseBP" */ = {
			isa = XCConfigurationList;
			buildConfigurations = (
				B3D2CC74121596FDBB3D1FC7 /* Debug */,
				253BD5C22B73D896547A0B9C /* Release */,
			);
			defaultConfigurationIsVisible = 0;
			defaultConfigurationName = Debug;
		};
		E9CF745ADDA62C9F499D5F17 /* Build configuration list for PBXProject "CalmPulseBP" */ = {
			isa = XCConfigurationList;
			buildConfigurations = (
				D8CB8603422B4BBAF5B3B64D /* Debug */,
				524A1DB39ADAAB2ED001931F /* Release */,
			);
			defaultConfigurationIsVisible = 0;
			defaultConfigurationName = Debug;
		};
/* End XCConfigurationList section */
	};
	rootObject = 197DC38062F0D85F0C73677D /* Project object */;
}
